
Microsoft Visual Studio Solution File, Format Version 12.00
# Visual Studio Version 17
VisualStudioVersion = 17.1.32210.238
MinimumVisualStudioVersion = 10.0.40219.1
Project("{FAE04EC0-301F-11D3-BF4B-00C04F79EFBC}") = "Driver.Rival3Direct", "Driver.Rival3Direct\Driver.Rival3Direct.csproj", "{A94907C5-989F-417B-93DE-9137EF925D38}"
EndProject
Global
	GlobalSection(SolutionConfigurationPlatforms) = preSolution
		Debug|Any CPU = Debug|Any CPU
		Release|Any CPU = Release|Any CPU
	EndGlobalSection
	GlobalSection(ProjectConfigurationPlatforms) = postSolution
		{A94907C5-989F-417B-93DE-9137EF925D38}.Debug|Any CPU.ActiveCfg = Debug|Any CPU
		{A94907C5-989F-417B-93DE-9137EF925D38}.Debug|Any CPU.Build.0 = Debug|Any CPU
		{A94907C5-989F-417B-93DE-9137EF925D38}.Release|Any CPU.ActiveCfg = Release|Any CPU
		{A94907C5-989F-417B-93DE-9137EF925D38}.Release|Any CPU.Build.0 = Release|Any CPU
	EndGlobalSection
	GlobalSection(SolutionProperties) = preSolution
		HideSolutionNode = FALSE
	EndGlobalSection
	GlobalSection(ExtensibilityGlobals) = postSolution
		SolutionGuid = {4E5ACB4D-1F99-44CE-AFB9-C5000BD46B03}
	EndGlobalSection
EndGlobal
